
Microsoft Visual Studio Solution File, Format Version 12.00
# Visual Studio Version 17
VisualStudioVersion = 17.1.32328.378
MinimumVisualStudioVersion = 10.0.40219.1
Project("{FAE04EC0-301F-11D3-BF4B-00C04F79EFBC}") = "Shop.Identity", "Shop.Identity\Shop.Identity.csproj", "{93421C57-48C4-47A4-BBF8-C57B905FC0DC}"
EndProject
Global
	GlobalSection(SolutionConfigurationPlatforms) = preSolution
		Debug|Any CPU = Debug|Any CPU
		Release|Any CPU = Release|Any CPU
	EndGlobalSection
	GlobalSection(ProjectConfigurationPlatforms) = postSolution
		{93421C57-48C4-47A4-BBF8-C57B905FC0DC}.Debug|Any CPU.ActiveCfg = Debug|Any CPU
		{93421C57-48C4-47A4-BBF8-C57B905FC0DC}.Debug|Any CPU.Build.0 = Debug|Any CPU
		{93421C57-48C4-47A4-BBF8-C57B905FC0DC}.Release|Any CPU.ActiveCfg = Release|Any CPU
		{93421C57-48C4-47A4-BBF8-C57B905FC0DC}.Release|Any CPU.Build.0 = Release|Any CPU
	EndGlobalSection
	GlobalSection(SolutionProperties) = preSolution
		HideSolutionNode = FALSE
	EndGlobalSection
	GlobalSection(ExtensibilityGlobals) = postSolution
		SolutionGuid = {B48E0BC7-D39A-4460-BFF0-E36727F660B3}
	EndGlobalSection
EndGlobal
